
Microsoft Visual Studio Solution File, Format Version 12.00
# Visual Studio Version 17
VisualStudioVersion = 17.6.33723.286
MinimumVisualStudioVersion = 10.0.40219.1
Project("{FAE04EC0-301F-11D3-BF4B-00C04F79EFBC}") = "Lab2.1", "Lab2.1\Lab2.1.csproj", "{BC0752E1-5B6B-4CA2-9B57-0BE60766332E}"
EndProject
Global
	GlobalSection(SolutionConfigurationPlatforms) = preSolution
		Debug|Any CPU = Debug|Any CPU
		Release|Any CPU = Release|Any CPU
	EndGlobalSection
	GlobalSection(ProjectConfigurationPlatforms) = postSolution
		{BC0752E1-5B6B-4CA2-9B57-0BE60766332E}.Debug|Any CPU.ActiveCfg = Debug|Any CPU
		{BC0752E1-5B6B-4CA2-9B57-0BE60766332E}.Debug|Any CPU.Build.0 = Debug|Any CPU
		{BC0752E1-5B6B-4CA2-9B57-0BE60766332E}.Release|Any CPU.ActiveCfg = Release|Any CPU
		{BC0752E1-5B6B-4CA2-9B57-0BE60766332E}.Release|Any CPU.Build.0 = Release|Any CPU
	EndGlobalSection
	GlobalSection(SolutionProperties) = preSolution
		HideSolutionNode = FALSE
	EndGlobalSection
	GlobalSection(ExtensibilityGlobals) = postSolution
		SolutionGuid = {41760B2A-9AA3-4B12-8887-094792CC8C7D}
	EndGlobalSection
EndGlobal
